Microsoft Visual Studio Solution File, Format Version 12.00
# Visual Studio Version 17
VisualStudioVersion = 17.5.2.0
MinimumVisualStudioVersion = 10.0.40219.1
Project("{FAE04EC0-301F-11D3-BF4B-00C04F79EFBC}") = "AnalyticsService", "AnalyticsService\AnalyticsService.csproj", "{334F6AB6-2DDF-FD9B-673E-9B87CF310847}"
EndProject
Global
	GlobalSection(SolutionConfigurationPlatforms) = preSolution
		Debug|Any CPU = Debug|Any CPU
		Release|Any CPU = Release|Any CPU
	EndGlobalSection
	GlobalSection(ProjectConfigurationPlatforms) = postSolution
		{334F6AB6-2DDF-FD9B-673E-9B87CF310847}.Debug|Any CPU.ActiveCfg = Debug|Any CPU
		{334F6AB6-2DDF-FD9B-673E-9B87CF310847}.Debug|Any CPU.Build.0 = Debug|Any CPU
		{334F6AB6-2DDF-FD9B-673E-9B87CF310847}.Release|Any CPU.ActiveCfg = Release|Any CPU
		{334F6AB6-2DDF-FD9B-673E-9B87CF310847}.Release|Any CPU.Build.0 = Release|Any CPU
	EndGlobalSection
	GlobalSection(SolutionProperties) = preSolution
		HideSolutionNode = FALSE
	EndGlobalSection
	GlobalSection(ExtensibilityGlobals) = postSolution
		SolutionGuid = {1C9F22E2-4233-4A9E-B3E6-45FE2B4710BE}
	EndGlobalSection
EndGlobal
